
Microsoft Visual Studio Solution File, Format Version 12.00
# Visual Studio Version 17
VisualStudioVersion = 17.7.34018.315
MinimumVisualStudioVersion = 10.0.40219.1
Project("{9A19103F-16F7-4668-BE54-9A1E7A4F7556}") = "BulkyWeb", "BulkyBookLab\BulkyWeb.csproj", "{E9F8D69F-9726-4281-8C0C-46A364F4E33B}"
EndProject
Project("{FAE04EC0-301F-11D3-BF4B-00C04F79EFBC}") = "Bulky.DataAccess", "Bulky.DataAccess\Bulky.DataAccess.csproj", "{655CD08F-19BC-4ADA-B1C6-4B0EEED2D3B1}"
EndProject
Project("{FAE04EC0-301F-11D3-BF4B-00C04F79EFBC}") = "Bulky.Models", "Bulky.Models\Bulky.Models.csproj", "{6FB805AE-2BD7-49C1-9C52-E99A727410D0}"
EndProject
Project("{FAE04EC0-301F-11D3-BF4B-00C04F79EFBC}") = "Bulky.Utility", "Bulky.Utility\Bulky.Utility.csproj", "{58660713-C2F2-4EB3-9A9C-6EAC6F5F8A38}"
EndProject
Global
	GlobalSection(SolutionConfigurationPlatforms) = preSolution
		Debug|Any CPU = Debug|Any CPU
		Release|Any CPU = Release|Any CPU
	EndGlobalSection
	GlobalSection(ProjectConfigurationPlatforms) = postSolution
		{E9F8D69F-9726-4281-8C0C-46A364F4E33B}.Debug|Any CPU.ActiveCfg = Debug|Any CPU
		{E9F8D69F-9726-4281-8C0C-46A364F4E33B}.Debug|Any CPU.Build.0 = Debug|Any CPU
		{E9F8D69F-9726-4281-8C0C-46A364F4E33B}.Release|Any CPU.ActiveCfg = Release|Any CPU
		{E9F8D69F-9726-4281-8C0C-46A364F4E33B}.Release|Any CPU.Build.0 = Release|Any CPU
		{655CD08F-19BC-4ADA-B1C6-4B0EEED2D3B1}.Debug|Any CPU.ActiveCfg = Debug|Any CPU
		{655CD08F-19BC-4ADA-B1C6-4B0EEED2D3B1}.Debug|Any CPU.Build.0 = Debug|Any CPU
		{655CD08F-19BC-4ADA-B1C6-4B0EEED2D3B1}.Release|Any CPU.ActiveCfg = Release|Any CPU
		{655CD08F-19BC-4ADA-B1C6-4B0EEED2D3B1}.Release|Any CPU.Build.0 = Release|Any CPU
		{6FB805AE-2BD7-49C1-9C52-E99A727410D0}.Debug|Any CPU.ActiveCfg = Debug|Any CPU
		{6FB805AE-2BD7-49C1-9C52-E99A727410D0}.Debug|Any CPU.Build.0 = Debug|Any CPU
		{6FB805AE-2BD7-49C1-9C52-E99A727410D0}.Release|Any CPU.ActiveCfg = Release|Any CPU
		{6FB805AE-2BD7-49C1-9C52-E99A727410D0}.Release|Any CPU.Build.0 = Release|Any CPU
		{58660713-C2F2-4EB3-9A9C-6EAC6F5F8A38}.Debug|Any CPU.ActiveCfg = Debug|Any CPU
		{58660713-C2F2-4EB3-9A9C-6EAC6F5F8A38}.Debug|Any CPU.Build.0 = Debug|Any CPU
		{58660713-C2F2-4EB3-9A9C-6EAC6F5F8A38}.Release|Any CPU.ActiveCfg = Release|Any CPU
		{58660713-C2F2-4EB3-9A9C-6EAC6F5F8A38}.Release|Any CPU.Build.0 = Release|Any CPU
	EndGlobalSection
	GlobalSection(SolutionProperties) = preSolution
		HideSolutionNode = FALSE
	EndGlobalSection
	GlobalSection(ExtensibilityGlobals) = postSolution
		SolutionGuid = {69055452-111B-4F3B-97C1-358D61D09BC8}
	EndGlobalSection
EndGlobal
